
Microsoft Visual Studio Solution File, Format Version 12.00
# Visual Studio 15
VisualStudioVersion = 15.0.27004.2005
MinimumVisualStudioVersion = 10.0.40219.1
Project("{FAE04EC0-301F-11D3-BF4B-00C04F79EFBC}") = "Bez", "Bez\Bez.csproj", "{72F8BD20-E73F-47BF-BAD4-C8A6FC879984}"
EndProject
Global
	GlobalSection(SolutionConfigurationPlatforms) = preSolution
		Debug|Any CPU = Debug|Any CPU
		Release|Any CPU = Release|Any CPU
	EndGlobalSection
	GlobalSection(ProjectConfigurationPlatforms) = postSolution
		{72F8BD20-E73F-47BF-BAD4-C8A6FC879984}.Debug|Any CPU.ActiveCfg = Debug|Any CPU
		{72F8BD20-E73F-47BF-BAD4-C8A6FC879984}.Debug|Any CPU.Build.0 = Debug|Any CPU
		{72F8BD20-E73F-47BF-BAD4-C8A6FC879984}.Release|Any CPU.ActiveCfg = Release|Any CPU
		{72F8BD20-E73F-47BF-BAD4-C8A6FC879984}.Release|Any CPU.Build.0 = Release|Any CPU
	EndGlobalSection
	GlobalSection(SolutionProperties) = preSolution
		HideSolutionNode = FALSE
	EndGlobalSection
	GlobalSection(ExtensibilityGlobals) = postSolution
		SolutionGuid = {63F43AD1-0EA6-4EE1-8FD6-3037A92CC7B8}
	EndGlobalSection
EndGlobal
